// !$*UTF8*$!
{
	archiveVersion = 1;
	classes = {
	};
	objectVersion = 51;
	objects = {

/* Begin PBXBuildFile section */
		3B0B09E2233753DF00AFF1B2 /* UIButton+BKExt.swift in Sources */ = {isa = PBXBuildFile; fileRef = 3B0B09DE233753DF00AFF1B2 /* UIButton+BKExt.swift */; };
		3B0B09E3233753DF00AFF1B2 /* UITextView+BKExt.swift in Sources */ = {isa = PBXBuildFile; fileRef = 3B0B09DF233753DF00AFF1B2 /* UITextView+BKExt.swift */; };
		3B0B09E4233753DF00AFF1B2 /* UIImage+BKExt.swift in Sources */ = {isa = PBXBuildFile; fileRef = 3B0B09E0233753DF00AFF1B2 /* UIImage+BKExt.swift */; };
		3B0B09E5233753DF00AFF1B2 /* UITextField+BKExt.swift in Sources */ = {isa = PBXBuildFile; fileRef = 3B0B09E1233753DF00AFF1B2 /* UITextField+BKExt.swift */; };
		3B71021D236C8C4B00D6620D /* Brickyard.swift in Sources */ = {isa = PBXBuildFile; fileRef = 3B71021C236C8C4B00D6620D /* Brickyard.swift */; };
		3BDF6D76231BB69E001BEBEB /* AppDelegate.swift in Sources */ = {isa = PBXBuildFile; fileRef = 3BDF6D75231BB69E001BEBEB /* AppDelegate.swift */; };
		3BDF6D78231BB69E001BEBEB /* ViewController.swift in Sources */ = {isa = PBXBuildFile; fileRef = 3BDF6D77231BB69E001BEBEB /* ViewController.swift */; };
		3BDF6D7B231BB69E001BEBEB /* Main.storyboard in Resources */ = {isa = PBXBuildFile; fileRef = 3BDF6D79231BB69E001BEBEB /* Main.storyboard */; };
		3BDF6D7D231BB69F001BEBEB /* Assets.xcassets in Resources */ = {isa = PBXBuildFile; fileRef = 3BDF6D7C231BB69F001BEBEB /* Assets.xcassets */; };
		3BDF6D80231BB69F001BEBEB /* LaunchScreen.storyboard in Resources */ = {isa = PBXBuildFile; fileRef = 3BDF6D7E231BB69F001BEBEB /* LaunchScreen.storyboard */; };
		F37C411C769ADDD743751664 /* Pods_Demo.framework in Frameworks */ = {isa = PBXBuildFile; fileRef = 5847821DA72A15252E7900BB /* Pods_Demo.framework */; };
/* End PBXBuildFile section */

/* Begin PBXFileReference section */
		1EEEF09A1F2D898CD6ECC016 /* Pods-Demo.debug.xcconfig */ = {isa = PBXFileReference; includeInIndex = 1; lastKnownFileType = text.xcconfig; name = "Pods-Demo.debug.xcconfig"; path = "Target Support Files/Pods-Demo/Pods-Demo.debug.xcconfig"; sourceTree = "<group>"; };
		3B0B09DE233753DF00AFF1B2 /* UIButton+BKExt.swift */ = {isa = PBXFileReference; fileEncoding = 4; lastKnownFileType = sourcecode.swift; path = "UIButton+BKExt.swift"; sourceTree = "<group>"; };
		3B0B09DF233753DF00AFF1B2 /* UITextView+BKExt.swift */ = {isa = PBXFileReference; fileEncoding = 4; lastKnownFileType = sourcecode.swift; path = "UITextView+BKExt.swift"; sourceTree = "<group>"; };
		3B0B09E0233753DF00AFF1B2 /* UIImage+BKExt.swift */ = {isa = PBXFileReference; fileEncoding = 4; lastKnownFileType = sourcecode.swift; path = "UIImage+BKExt.swift"; sourceTree = "<group>"; };
		3B0B09E1233753DF00AFF1B2 /* UITextField+BKExt.swift */ = {isa = PBXFileReference; fileEncoding = 4; lastKnownFileType = sourcecode.swift; path = "UITextField+BKExt.swift"; sourceTree = "<group>"; };
		3B71021C236C8C4B00D6620D /* Brickyard.swift */ = {isa = PBXFileReference; lastKnownFileType = sourcecode.swift; path = Brickyard.swift; sourceTree = "<group>"; };
		3BDF6D72231BB69E001BEBEB /* Demo.app */ = {isa = PBXFileReference; explicitFileType = wrapper.application; includeInIndex = 0; path = Demo.app; sourceTree = BUILT_PRODUCTS_DIR; };
		3BDF6D75231BB69E001BEBEB /* AppDelegate.swift */ = {isa = PBXFileReference; lastKnownFileType = sourcecode.swift; path = AppDelegate.swift; sourceTree = "<group>"; };
		3BDF6D77231BB69E001BEBEB /* ViewController.swift */ = {isa = PBXFileReference; lastKnownFileType = sourcecode.swift; path = ViewController.swift; sourceTree = "<group>"; };
		3BDF6D7A231BB69E001BEBEB /* Base */ = {isa = PBXFileReference; lastKnownFileType = file.storyboard; name = Base; path = Base.lproj/Main.storyboard; sourceTree = "<group>"; };
		3BDF6D7C231BB69F001BEBEB /* Assets.xcassets */ = {isa = PBXFileReference; lastKnownFileType = folder.assetcatalog; path = Assets.xcassets; sourceTree = "<group>"; };
		3BDF6D7F231BB69F001BEBEB /* Base */ = {isa = PBXFileReference; lastKnownFileType = file.storyboard; name = Base; path = Base.lproj/LaunchScreen.storyboard; sourceTree = "<group>"; };
		3BDF6D81231BB69F001BEBEB /* Info.plist */ = {isa = PBXFileReference; lastKnownFileType = text.plist.xml; path = Info.plist; sourceTree = "<group>"; };
		5847821DA72A15252E7900BB /* Pods_Demo.framework */ = {isa = PBXFileReference; explicitFileType = wrapper.framework; includeInIndex = 0; path = Pods_Demo.framework; sourceTree = BUILT_PRODUCTS_DIR; };
		DBA06DEFFFF45EBE5BF28778 /* Pods-Demo.release.xcconfig */ = {isa = PBXFileReference; includeInIndex = 1; lastKnownFileType = text.xcconfig; name = "Pods-Demo.release.xcconfig"; path = "Target Support Files/Pods-Demo/Pods-Demo.release.xcconfig"; sourceTree = "<group>"; };
/* End PBXFileReference section */

/* Begin PBXFrameworksBuildPhase section */
		3BDF6D6F231BB69E001BEBEB /* Frameworks */ = {
			isa = PBXFrameworksBuildPhase;
			buildActionMask = 2147483647;
			files = (
				F37C411C769ADDD743751664 /* Pods_Demo.framework in Frameworks */,
			);
			runOnlyForDeploymentPostprocessing = 0;
		};
/* End PBXFrameworksBuildPhase section */

/* Begin PBXGroup section */
		3B0B09DD233753DF00AFF1B2 /* Source */ = {
			isa = PBXGroup;
			children = (
				3B71021C236C8C4B00D6620D /* Brickyard.swift */,
				3B0B09DE233753DF00AFF1B2 /* UIButton+BKExt.swift */,
				3B0B09E0233753DF00AFF1B2 /* UIImage+BKExt.swift */,
				3B0B09E1233753DF00AFF1B2 /* UITextField+BKExt.swift */,
				3B0B09DF233753DF00AFF1B2 /* UITextView+BKExt.swift */,
			);
			path = Source;
			sourceTree = SOURCE_ROOT;
		};
		3BDF6D69231BB69E001BEBEB = {
			isa = PBXGroup;
			children = (
				3BDF6D74231BB69E001BEBEB /* Demo */,
				3BDF6D73231BB69E001BEBEB /* Products */,
				64836339FE4F4D03298A8B81 /* Pods */,
				7BDD73AD73692777BDA8DC9E /* Frameworks */,
			);
			sourceTree = "<group>";
		};
		3BDF6D73231BB69E001BEBEB /* Products */ = {
			isa = PBXGroup;
			children = (
				3BDF6D72231BB69E001BEBEB /* Demo.app */,
			);
			name = Products;
			sourceTree = "<group>";
		};
		3BDF6D74231BB69E001BEBEB /* Demo */ = {
			isa = PBXGroup;
			children = (
				3B0B09DD233753DF00AFF1B2 /* Source */,
				3BDF6D75231BB69E001BEBEB /* AppDelegate.swift */,
				3BDF6D77231BB69E001BEBEB /* ViewController.swift */,
				3BDF6D79231BB69E001BEBEB /* Main.storyboard */,
				3BDF6D7C231BB69F001BEBEB /* Assets.xcassets */,
				3BDF6D7E231BB69F001BEBEB /* LaunchScreen.storyboard */,
				3BDF6D81231BB69F001BEBEB /* Info.plist */,
			);
			path = Demo;
			sourceTree = "<group>";
		};
		64836339FE4F4D03298A8B81 /* Pods */ = {
			isa = PBXGroup;
			children = (
				1EEEF09A1F2D898CD6ECC016 /* Pods-Demo.debug.xcconfig */,
				DBA06DEFFFF45EBE5BF28778 /* Pods-Demo.release.xcconfig */,
			);
			path = Pods;
			sourceTree = "<group>";
		};
		7BDD73AD73692777BDA8DC9E /* Frameworks */ = {
			isa = PBXGroup;
			children = (
				5847821DA72A15252E7900BB /* Pods_Demo.framework */,
			);
			name = Frameworks;
			sourceTree = "<group>";
		};
/* End PBXGroup section */

/* Begin PBXNativeTarget section */
		3BDF6D71231BB69E001BEBEB /* Demo */ = {
			isa = PBXNativeTarget;
			buildConfigurationList = 3BDF6D84231BB69F001BEBEB /* Build configuration list for PBXNativeTarget "Demo" */;
			buildPhases = (
				D543152574606E227DEE18B5 /* [CP] Check Pods Manifest.lock */,
				3BDF6D6E231BB69E001BEBEB /* Sources */,
				3BDF6D6F231BB69E001BEBEB /* Frameworks */,
				3BDF6D70231BB69E001BEBEB /* Resources */,
				1A406FCA101B18AA5FAB8BC5 /* [CP] Embed Pods Frameworks */,
			);
			buildRules = (
			);
			dependencies = (
			);
			name = Demo;
			productName = Demo;
			productReference = 3BDF6D72231BB69E001BEBEB /* Demo.app */;
			productType = "com.apple.product-type.application";
		};
/* End PBXNativeTarget section */

/* Begin PBXProject section */
		3BDF6D6A231BB69E001BEBEB /* Project object */ = {
			isa = PBXProject;
			attributes = {
				LastSwiftUpdateCheck = 1030;
				LastUpgradeCheck = 1030;
				ORGANIZATIONNAME = lam;
				TargetAttributes = {
					3BDF6D71231BB69E001BEBEB = {
						CreatedOnToolsVersion = 10.3;
					};
				};
			};
			buildConfigurationList = 3BDF6D6D231BB69E001BEBEB /* Build configuration list for PBXProject "Demo" */;
			compatibilityVersion = "Xcode 9.3";
			developmentRegion = en;
			hasScannedForEncodings = 0;
			knownRegions = (
				en,
				Base,
			);
			mainGroup = 3BDF6D69231BB69E001BEBEB;
			productRefGroup = 3BDF6D73231BB69E001BEBEB /* Products */;
			projectDirPath = "";
			projectRoot = "";
			targets = (
				3BDF6D71231BB69E001BEBEB /* Demo */,
			);
		};
/* End PBXProject section */

/* Begin PBXResourcesBuildPhase section */
		3BDF6D70231BB69E001BEBEB /* Resources */ = {
			isa = PBXResourcesBuildPhase;
			buildActionMask = 2147483647;
			files = (
				3BDF6D80231BB69F001BEBEB /* LaunchScreen.storyboard in Resources */,
				3BDF6D7D231BB69F001BEBEB /* Assets.xcassets in Resources */,
				3BDF6D7B231BB69E001BEBEB /* Main.storyboard in Resources */,
			);
			runOnlyForDeploymentPostprocessing = 0;
		};
/* End PBXResourcesBuildPhase section */

/* Begin PBXShellScriptBuildPhase section */
		1A406FCA101B18AA5FAB8BC5 /* [CP] Embed Pods Frameworks */ = {
			isa = PBXShellScriptBuildPhase;
			buildActionMask = 2147483647;
			files = (
			);
			inputFileListPaths = (
				"${PODS_ROOT}/Target Support Files/Pods-Demo/Pods-Demo-frameworks-${CONFIGURATION}-input-files.xcfilelist",
			);
			name = "[CP] Embed Pods Frameworks";
			outputFileListPaths = (
				"${PODS_ROOT}/Target Support Files/Pods-Demo/Pods-Demo-frameworks-${CONFIGURATION}-output-files.xcfilelist",
			);
			runOnlyForDeploymentPostprocessing = 0;
			shellPath = /bin/sh;
			shellScript = "\"${PODS_ROOT}/Target Support Files/Pods-Demo/Pods-Demo-frameworks.sh\"\n";
			showEnvVarsInLog = 0;
		};
		D543152574606E227DEE18B5 /* [CP] Check Pods Manifest.lock */ = {
			isa = PBXShellScriptBuildPhase;
			buildActionMask = 2147483647;
			files = (
			);
			inputFileListPaths = (
			);
			inputPaths = (
				"${PODS_PODFILE_DIR_PATH}/Podfile.lock",
				"${PODS_ROOT}/Manifest.lock",
			);
			name = "[CP] Check Pods Manifest.lock";
			outputFileListPaths = (
			);
			outputPaths = (
				"$(DERIVED_FILE_DIR)/Pods-Demo-checkManifestLockResult.txt",
			);
			runOnlyForDeploymentPostprocessing = 0;
			shellPath = /bin/sh;
			shellScript = "diff \"${PODS_PODFILE_DIR_PATH}/Podfile.lock\" \"${PODS_ROOT}/Manifest.lock\" > /dev/null\nif [ $? != 0 ] ; then\n    # print error to STDERR\n    echo \"error: The sandbox is not in sync with the Podfile.lock. Run 'pod install' or update your CocoaPods installation.\" >&2\n    exit 1\nfi\n# This output is used by Xcode 'outputs' to avoid re-running this script phase.\necho \"SUCCESS\" > \"${SCRIPT_OUTPUT_FILE_0}\"\n";
			showEnvVarsInLog = 0;
		};
/* End PBXShellScriptBuildPhase section */

/* Begin PBXSourcesBuildPhase section */
		3BDF6D6E231BB69E001BEBEB /* Sources */ = {
			isa = PBXSourcesBuildPhase;
			buildActionMask = 2147483647;
			files = (
				3B0B09E5233753DF00AFF1B2 /* UITextField+BKExt.swift in Sources */,
				3B0B09E3233753DF00AFF1B2 /* UITextView+BKExt.swift in Sources */,
				3BDF6D78231BB69E001BEBEB /* ViewController.swift in Sources */,
				3B0B09E4233753DF00AFF1B2 /* UIImage+BKExt.swift in Sources */,
				3B0B09E2233753DF00AFF1B2 /* UIButton+BKExt.swift in Sources */,
				3B71021D236C8C4B00D6620D /* Brickyard.swift in Sources */,
				3BDF6D76231BB69E001BEBEB /* AppDelegate.swift in Sources */,
			);
			runOnlyForDeploymentPostprocessing = 0;
		};
/* End PBXSourcesBuildPhase section */

/* Begin PBXVariantGroup section */
		3BDF6D79231BB69E001BEBEB /* Main.storyboard */ = {
			isa = PBXVariantGroup;
			children = (
				3BDF6D7A231BB69E001BEBEB /* Base */,
			);
			name = Main.storyboard;
			sourceTree = "<group>";
		};
		3BDF6D7E231BB69F001BEBEB /* LaunchScreen.storyboard */ = {
			isa = PBXVariantGroup;
			children = (
				3BDF6D7F231BB69F001BEBEB /* Base */,
			);
			name = LaunchScreen.storyboard;
			sourceTree = "<group>";
		};
/* End PBXVariantGroup section */

/* Begin XCBuildConfiguration section */
		3BDF6D82231BB69F001BEBEB /* Debug */ = {
			isa = XCBuildConfiguration;
			buildSettings = {
				ALWAYS_SEARCH_USER_PATHS = NO;
				CLANG_ANALYZER_NONNULL = YES;
				CLANG_ANALYZER_NUMBER_OBJECT_CONVERSION = YES_AGGRESSIVE;
				CLANG_CXX_LANGUAGE_STANDARD = "gnu++14";
				CLANG_CXX_LIBRARY = "libc++";
				CLANG_ENABLE_MODULES = YES;
				CLANG_ENABLE_OBJC_ARC = YES;
				CLANG_ENABLE_OBJC_WEAK = YES;
				CLANG_WARN_BLOCK_CAPTURE_AUTORELEASING = YES;
				CLANG_WARN_BOOL_CONVERSION = YES;
				CLANG_WARN_COMMA = YES;
				CLANG_WARN_CONSTANT_CONVERSION = YES;
				CLANG_WARN_DEPRECATED_OBJC_IMPLEMENTATIONS = YES;
				CLANG_WARN_DIRECT_OBJC_ISA_USAGE = YES_ERROR;
				CLANG_WARN_DOCUMENTATION_COMMENTS = YES;
				CLANG_WARN_EMPTY_BODY = YES;
				CLANG_WARN_ENUM_CONVERSION = YES;
				CLANG_WARN_INFINITE_RECURSION = YES;
				CLANG_WARN_INT_CONVERSION = YES;
				CLANG_WARN_NON_LITERAL_NULL_CONVERSION = YES;
				CLANG_WARN_OBJC_IMPLICIT_RETAIN_SELF = YES;
				CLANG_WARN_OBJC_LITERAL_CONVERSION = YES;
				CLANG_WARN_OBJC_ROOT_CLASS = YES_ERROR;
				CLANG_WARN_RANGE_LOOP_ANALYSIS = YES;
				CLANG_WARN_STRICT_PROTOTYPES = YES;
				CLANG_WARN_SUSPICIOUS_MOVE = YES;
				CLANG_WARN_UNGUARDED_AVAILABILITY = YES_AGGRESSIVE;
				CLANG_WARN_UNREACHABLE_CODE = YES;
				CLANG_WARN__DUPLICATE_METHOD_MATCH = YES;
				CODE_SIGN_IDENTITY = "iPhone Developer";
				COPY_PHASE_STRIP = NO;
				DEBUG_INFORMATION_FORMAT = dwarf;
				ENABLE_STRICT_OBJC_MSGSEND = YES;
				ENABLE_TESTABILITY = YES;
				GCC_C_LANGUAGE_STANDARD = gnu11;
				GCC_DYNAMIC_NO_PIC = NO;
				GCC_NO_COMMON_BLOCKS = YES;
				GCC_OPTIMIZATION_LEVEL = 0;
				GCC_PREPROCESSOR_DEFINITIONS = (
					"DEBUG=1",
					"$(inherited)",
				);
				GCC_WARN_64_TO_32_BIT_CONVERSION = YES;
				GCC_WARN_ABOUT_RETURN_TYPE = YES_ERROR;
				GCC_WARN_UNDECLARED_SELECTOR = YES;
				GCC_WARN_UNINITIALIZED_AUTOS = YES_AGGRESSIVE;
				GCC_WARN_UNUSED_FUNCTION = YES;
				GCC_WARN_UNUSED_VARIABLE = YES;
				IPHONEOS_DEPLOYMENT_TARGET = 12.4;
				MTL_ENABLE_DEBUG_INFO = INCLUDE_SOURCE;
				MTL_FAST_MATH = YES;
				ONLY_ACTIVE_ARCH = YES;
				SDKROOT = iphoneos;
				SWIFT_ACTIVE_COMPILATION_CONDITIONS = DEBUG;
				SWIFT_OPTIMIZATION_LEVEL = "-Onone";
			};
			name = Debug;
		};
		3BDF6D83231BB69F001BEBEB /* Release */ = {
			isa = XCBuildConfiguration;
			buildSettings = {
				ALWAYS_SEARCH_USER_PATHS = NO;
				CLANG_ANALYZER_NONNULL = YES;
				CLANG_ANALYZER_NUMBER_OBJECT_CONVERSION = YES_AGGRESSIVE;
				CLANG_CXX_LANGUAGE_STANDARD = "gnu++14";
				CLANG_CXX_LIBRARY = "libc++";
				CLANG_ENABLE_MODULES = YES;
				CLANG_ENABLE_OBJC_ARC = YES;
				CLANG_ENABLE_OBJC_WEAK = YES;
				CLANG_WARN_BLOCK_CAPTURE_AUTORELEASING = YES;
				CLANG_WARN_BOOL_CONVERSION = YES;
				CLANG_WARN_COMMA = YES;
				CLANG_WARN_CONSTANT_CONVERSION = YES;
				CLANG_WARN_DEPRECATED_OBJC_IMPLEMENTATIONS = YES;
				CLANG_WARN_DIRECT_OBJC_ISA_USAGE = YES_ERROR;
				CLANG_WARN_DOCUMENTATION_COMMENTS = YES;
				CLANG_WARN_EMPTY_BODY = YES;
				CLANG_WARN_ENUM_CONVERSION = YES;
				CLANG_WARN_INFINITE_RECURSION = YES;
				CLANG_WARN_INT_CONVERSION = YES;
				CLANG_WARN_NON_LITERAL_NULL_CONVERSION = YES;
				CLANG_WARN_OBJC_IMPLICIT_RETAIN_SELF = YES;
				CLANG_WARN_OBJC_LITERAL_CONVERSION = YES;
				CLANG_WARN_OBJC_ROOT_CLASS = YES_ERROR;
				CLANG_WARN_RANGE_LOOP_ANALYSIS = YES;
				CLANG_WARN_STRICT_PROTOTYPES = YES;
				CLANG_WARN_SUSPICIOUS_MOVE = YES;
				CLANG_WARN_UNGUARDED_AVAILABILITY = YES_AGGRESSIVE;
				CLANG_WARN_UNREACHABLE_CODE = YES;
				CLANG_WARN__DUPLICATE_METHOD_MATCH = YES;
				CODE_SIGN_IDENTITY = "iPhone Developer";
				COPY_PHASE_STRIP = NO;
				DEBUG_INFORMATION_FORMAT = "dwarf-with-dsym";
				ENABLE_NS_ASSERTIONS = NO;
				ENABLE_STRICT_OBJC_MSGSEND = YES;
				GCC_C_LANGUAGE_STANDARD = gnu11;
				GCC_NO_COMMON_BLOCKS = YES;
				GCC_WARN_64_TO_32_BIT_CONVERSION = YES;
				GCC_WARN_ABOUT_RETURN_TYPE = YES_ERROR;
				GCC_WARN_UNDECLARED_SELECTOR = YES;
				GCC_WARN_UNINITIALIZED_AUTOS = YES_AGGRESSIVE;
				GCC_WARN_UNUSED_FUNCTION = YES;
				GCC_WARN_UNUSED_VARIABLE = YES;
				IPHONEOS_DEPLOYMENT_TARGET = 12.4;
				MTL_ENABLE_DEBUG_INFO = NO;
				MTL_FAST_MATH = YES;
				SDKROOT = iphoneos;
				SWIFT_COMPILATION_MODE = wholemodule;
				SWIFT_OPTIMIZATION_LEVEL = "-O";
				VALIDATE_PRODUCT = YES;
			};
			name = Release;
		};
		3BDF6D85231BB69F001BEBEB /* Debug */ = {
			isa = XCBuildConfiguration;
			baseConfigurationReference = 1EEEF09A1F2D898CD6ECC016 /* Pods-Demo.debug.xcconfig */;
			buildSettings = {
				ASSETCATALOG_COMPILER_APPICON_NAME = AppIcon;
				CODE_SIGN_STYLE = Automatic;
				INFOPLIST_FILE = Demo/Info.plist;
				LD_RUNPATH_SEARCH_PATHS = (
					"$(inherited)",
					"@executable_path/Frameworks",
				);
				PRODUCT_BUNDLE_IDENTIFIER = lam.Demo;
				PRODUCT_NAME = "$(TARGET_NAME)";
				SWIFT_VERSION = 5.0;
				TARGETED_DEVICE_FAMILY = "1,2";
			};
			name = Debug;
		};
		3BDF6D86231BB69F001BEBEB /* Release */ = {
			isa = XCBuildConfiguration;
			baseConfigurationReference = DBA06DEFFFF45EBE5BF28778 /* Pods-Demo.release.xcconfig */;
			buildSettings = {
				ASSETCATALOG_COMPILER_APPICON_NAME = AppIcon;
				CODE_SIGN_STYLE = Automatic;
				INFOPLIST_FILE = Demo/Info.plist;
				LD_RUNPATH_SEARCH_PATHS = (
					"$(inherited)",
					"@executable_path/Frameworks",
				);
				PRODUCT_BUNDLE_IDENTIFIER = lam.Demo;
				PRODUCT_NAME = "$(TARGET_NAME)";
				SWIFT_VERSION = 5.0;
				TARGETED_DEVICE_FAMILY = "1,2";
			};
			name = Release;
		};
/* End XCBuildConfiguration section */

/* Begin XCConfigurationList section */
		3BDF6D6D231BB69E001BEBEB /* Build configuration list for PBXProject "Demo" */ = {
			isa = XCConfigurationList;
			buildConfigurations = (
				3BDF6D82231BB69F001BEBEB /* Debug */,
				3BDF6D83231BB69F001BEBEB /* Release */,
			);
			defaultConfigurationIsVisible = 0;
			defaultConfigurationName = Release;
		};
		3BDF6D84231BB69F001BEBEB /* Build configuration list for PBXNativeTarget "Demo" */ = {
			isa = XCConfigurationList;
			buildConfigurations = (
				3BDF6D85231BB69F001BEBEB /* Debug */,
				3BDF6D86231BB69F001BEBEB /* Release */,
			);
			defaultConfigurationIsVisible = 0;
			defaultConfigurationName = Release;
		};
/* End XCConfigurationList section */
	};
	rootObject = 3BDF6D6A231BB69E001BEBEB /* Project object */;
}
